# This file is automatically @generated by Cargo.
# It is not intended for manual editing.
version = 4

[[package]]
name = "cfg-if"
version = "1.0.4"
source = "registry+https://github.com/rust-lang/crates.io-index"
checksum = "9330f8b2ff13f34540b44e946ef35111825727b38d33286ef986142615121801"

[[package]]
name = "encoding_rs"
version = "0.8.33"
source = "registry+https://github.com/rust-lang/crates.io-index"
checksum = "7268b386296a025e474d5140678f75d6de9493ae55a5d709eeb9dd08149945e1"
dependencies = [
 "cfg-if",
]

[[package]]
name = "mwcc"
version = "0.0.1"
dependencies = [
 "mwcc-core",
 "mwcc-machine-code",
 "mwcc-machine-code-to-object",
 "mwcc-source-loader",
 "mwcc-source-to-tokens",
 "mwcc-syntax-trees",
 "mwcc-syntax-trees-to-debug-info",
 "mwcc-syntax-trees-to-machine-code",
 "mwcc-tokens",
 "mwcc-tokens-to-syntax-trees",
 "mwcc-versions",
 "mwcc-vreg",
]

[[package]]
name = "mwcc-core"
version = "0.0.1"

[[package]]
name = "mwcc-detect"
version = "0.0.1"
dependencies = [
 "mwcc-versions",
]

[[package]]
name = "mwcc-dwarf1"
version = "0.0.1"

[[package]]
name = "mwcc-machine-code"
version = "0.0.1"
dependencies = [
 "mwcc-target",
]

[[package]]
name = "mwcc-machine-code-to-object"
version = "0.0.1"
dependencies = [
 "mwcc-machine-code",
 "mwcc-object",
]

[[package]]
name = "mwcc-object"
version = "0.0.1"

[[package]]
name = "mwcc-oracle"
version = "0.0.1"

[[package]]
name = "mwcc-source-loader"
version = "0.0.1"
dependencies = [
 "encoding_rs",
 "mwcc-core",
]

[[package]]
name = "mwcc-source-to-tokens"
version = "0.0.1"
dependencies = [
 "mwcc-core",
 "mwcc-tokens",
]

[[package]]
name = "mwcc-syntax-trees"
version = "0.0.1"

[[package]]
name = "mwcc-syntax-trees-to-debug-info"
version = "0.0.1"
dependencies = [
 "mwcc-core",
 "mwcc-dwarf1",
 "mwcc-machine-code",
 "mwcc-object",
 "mwcc-source-to-tokens",
 "mwcc-syntax-trees",
 "mwcc-tokens-to-syntax-trees",
 "mwcc-versions",
]

[[package]]
name = "mwcc-syntax-trees-to-machine-code"
version = "0.0.1"
dependencies = [
 "mwcc-core",
 "mwcc-machine-code",
 "mwcc-syntax-trees",
 "mwcc-target",
 "mwcc-versions",
 "mwcc-vreg",
]

[[package]]
name = "mwcc-target"
version = "0.0.1"
dependencies = [
 "mwcc-core",
]

[[package]]
name = "mwcc-tokens"
version = "0.0.1"

[[package]]
name = "mwcc-tokens-to-syntax-trees"
version = "0.0.1"
dependencies = [
 "mwcc-core",
 "mwcc-source-to-tokens",
 "mwcc-syntax-trees",
 "mwcc-tokens",
]

[[package]]
name = "mwcc-versions"
version = "0.0.1"

[[package]]
name = "mwcc-vreg"
version = "0.0.1"
dependencies = [
 "mwcc-core",
 "mwcc-machine-code",
]
